
Microsoft Visual Studio Solution File, Format Version 12.00
# Visual Studio Version 16
VisualStudioVersion = 16.0.809.8
MinimumVisualStudioVersion = 10.0.40219.1
Project("{8BC9CEB9-8B4A-11D0-8D11-00A0C91BC942}") = "MPL", "MPL.dll", "{1D60F14E-25C7-45C1-8897-4981CC22AF23}"
EndProject
Global
	GlobalSection(SolutionConfigurationPlatforms) = preSolution
		Default|Any CPU = Default|Any CPU
	EndGlobalSection
	GlobalSection(ProjectConfigurationPlatforms) = postSolution
		{1D60F14E-25C7-45C1-8897-4981CC22AF23}.Default|Any CPU.ActiveCfg = Default|Any CPU
		{1D60F14E-25C7-45C1-8897-4981CC22AF23}.Default|Any CPU.Build.0 = Default|Any CPU
	EndGlobalSection
	GlobalSection(SolutionProperties) = preSolution
		HideSolutionNode = FALSE
	EndGlobalSection
	GlobalSection(ExtensibilityGlobals) = postSolution
		SolutionGuid = {FE0E127D-1876-4716-A236-B1A87A7CC5BC}
	EndGlobalSection
EndGlobal
